
Microsoft Visual Studio Solution File, Format Version 12.00
# Visual Studio 14
VisualStudioVersion = 14.0.25123.0
MinimumVisualStudioVersion = 10.0.40219.1
Project("{FAE04EC0-301F-11D3-BF4B-00C04F79EFBC}") = "w1", "w1\w1.csproj", "{ACD78A1D-36CE-4DF8-BDD6-044259E4F928}"
EndProject
Global
	GlobalSection(SolutionConfigurationPlatforms) = preSolution
		Debug|Any CPU = Debug|Any CPU
		Release|Any CPU = Release|Any CPU
	EndGlobalSection
	GlobalSection(ProjectConfigurationPlatforms) = postSolution
		{ACD78A1D-36CE-4DF8-BDD6-044259E4F928}.Debug|Any CPU.ActiveCfg = Debug|Any CPU
		{ACD78A1D-36CE-4DF8-BDD6-044259E4F928}.Debug|Any CPU.Build.0 = Debug|Any CPU
		{ACD78A1D-36CE-4DF8-BDD6-044259E4F928}.Release|Any CPU.ActiveCfg = Release|Any CPU
		{ACD78A1D-36CE-4DF8-BDD6-044259E4F928}.Release|Any CPU.Build.0 = Release|Any CPU
	EndGlobalSection
	GlobalSection(SolutionProperties) = preSolution
		HideSolutionNode = FALSE
	EndGlobalSection
EndGlobal
